{
  "nodes": {
    "nixpkgs": {
      "locked": {
        "lastModified": 1698454243,
        "narHash": "sha256-LoF/36MlmnPJHp70KruCgs8t9ib8EaYmrZB9viRyl1Y=",
        "owner": "NixOS",
        "repo": "nixpkgs",
        "rev": "0ebbb056ec9a56d476b3f29c610f982d85091ba3",
        "type": "github"
      },
      "original": {
        "owner": "NixOS",
        "repo": "nixpkgs",
        "type": "github"
      }
    },
    "root": {
      "inputs": {
        "nixpkgs": "nixpkgs"
      }
    }
  },
  "root": "root",
  "version": 7
}
